
Microsoft Visual Studio Solution File, Format Version 12.00
# Visual Studio Version 16
VisualStudioVersion = 16.0.30619.17
MinimumVisualStudioVersion = 10.0.40219.1
Project("{9092AA53-FB77-4645-B42D-1CCCA6BD08BD}") = "DevinitExample2", "DevinitExample2\DevinitExample2.njsproj", "{327B11EB-4C2C-42F9-9A10-E511CC8FF381}"
EndProject
Global
	GlobalSection(SolutionConfigurationPlatforms) = preSolution
		Debug|Any CPU = Debug|Any CPU
		Release|Any CPU = Release|Any CPU
	EndGlobalSection
	GlobalSection(ProjectConfigurationPlatforms) = postSolution
		{327B11EB-4C2C-42F9-9A10-E511CC8FF381}.Debug|Any CPU.ActiveCfg = Debug|Any CPU
		{327B11EB-4C2C-42F9-9A10-E511CC8FF381}.Debug|Any CPU.Build.0 = Debug|Any CPU
		{327B11EB-4C2C-42F9-9A10-E511CC8FF381}.Release|Any CPU.ActiveCfg = Release|Any CPU
		{327B11EB-4C2C-42F9-9A10-E511CC8FF381}.Release|Any CPU.Build.0 = Release|Any CPU
	EndGlobalSection
	GlobalSection(SolutionProperties) = preSolution
		HideSolutionNode = FALSE
	EndGlobalSection
	GlobalSection(ExtensibilityGlobals) = postSolution
		SolutionGuid = {503AC1C7-412B-4D37-92A2-D3B019C46AA3}
	EndGlobalSection
EndGlobal
